
Microsoft Visual Studio Solution File, Format Version 12.00
# Visual Studio Version 16
VisualStudioVersion = 16.0.30104.148
MinimumVisualStudioVersion = 10.0.40219.1
Project("{FAE04EC0-301F-11D3-BF4B-00C04F79EFBC}") = "Classes and objects", "Classes and objects\Classes and objects.csproj", "{D9195481-D7BE-4786-9D16-E0D2698A0222}"
EndProject
Global
	GlobalSection(SolutionConfigurationPlatforms) = preSolution
		Debug|Any CPU = Debug|Any CPU
		Release|Any CPU = Release|Any CPU
	EndGlobalSection
	GlobalSection(ProjectConfigurationPlatforms) = postSolution
		{D9195481-D7BE-4786-9D16-E0D2698A0222}.Debug|Any CPU.ActiveCfg = Debug|Any CPU
		{D9195481-D7BE-4786-9D16-E0D2698A0222}.Debug|Any CPU.Build.0 = Debug|Any CPU
		{D9195481-D7BE-4786-9D16-E0D2698A0222}.Release|Any CPU.ActiveCfg = Release|Any CPU
		{D9195481-D7BE-4786-9D16-E0D2698A0222}.Release|Any CPU.Build.0 = Release|Any CPU
	EndGlobalSection
	GlobalSection(SolutionProperties) = preSolution
		HideSolutionNode = FALSE
	EndGlobalSection
	GlobalSection(ExtensibilityGlobals) = postSolution
		SolutionGuid = {5A008576-3458-4590-BCB6-97DBB25D3155}
	EndGlobalSection
EndGlobal
